
Microsoft Visual Studio Solution File, Format Version 12.00
# Visual Studio Version 17
VisualStudioVersion = 17.7.34202.233
MinimumVisualStudioVersion = 10.0.40219.1
Project("{FAE04EC0-301F-11D3-BF4B-00C04F79EFBC}") = "Car Seller.Android", "Car Seller\Car Seller.Android\Car Seller.Android.csproj", "{152EA2D3-BE72-4E94-9F16-F2A72EE87236}"
EndProject
Project("{FAE04EC0-301F-11D3-BF4B-00C04F79EFBC}") = "Car Seller.iOS", "Car Seller\Car Seller.iOS\Car Seller.iOS.csproj", "{E5F2F6F8-4C72-4953-963A-68E820E99779}"
EndProject
Project("{FAE04EC0-301F-11D3-BF4B-00C04F79EFBC}") = "Car Seller", "Car Seller\Car Seller\Car Seller.csproj", "{AA275C68-9CB3-4ABC-B6A1-B7C0768BE870}"
EndProject
Global
	GlobalSection(SolutionConfigurationPlatforms) = preSolution
		Debug|Any CPU = Debug|Any CPU
		Debug|iPhone = Debug|iPhone
		Debug|iPhoneSimulator = Debug|iPhoneSimulator
		Release|Any CPU = Release|Any CPU
		Release|iPhone = Release|iPhone
		Release|iPhoneSimulator = Release|iPhoneSimulator
	EndGlobalSection
	GlobalSection(ProjectConfigurationPlatforms) = postSolution
		{152EA2D3-BE72-4E94-9F16-F2A72EE87236}.Debug|Any CPU.ActiveCfg = Debug|Any CPU
		{152EA2D3-BE72-4E94-9F16-F2A72EE87236}.Debug|Any CPU.Build.0 = Debug|Any CPU
		{152EA2D3-BE72-4E94-9F16-F2A72EE87236}.Debug|Any CPU.Deploy.0 = Debug|Any CPU
		{152EA2D3-BE72-4E94-9F16-F2A72EE87236}.Debug|iPhone.ActiveCfg = Debug|Any CPU
		{152EA2D3-BE72-4E94-9F16-F2A72EE87236}.Debug|iPhone.Build.0 = Debug|Any CPU
		{152EA2D3-BE72-4E94-9F16-F2A72EE87236}.Debug|iPhone.Deploy.0 = Debug|Any CPU
		{152EA2D3-BE72-4E94-9F16-F2A72EE87236}.Debug|iPhoneSimulator.ActiveCfg = Debug|Any CPU
		{152EA2D3-BE72-4E94-9F16-F2A72EE87236}.Debug|iPhoneSimulator.Build.0 = Debug|Any CPU
		{152EA2D3-BE72-4E94-9F16-F2A72EE87236}.Debug|iPhoneSimulator.Deploy.0 = Debug|Any CPU
		{152EA2D3-BE72-4E94-9F16-F2A72EE87236}.Release|Any CPU.ActiveCfg = Release|Any CPU
		{152EA2D3-BE72-4E94-9F16-F2A72EE87236}.Release|Any CPU.Build.0 = Release|Any CPU
		{152EA2D3-BE72-4E94-9F16-F2A72EE87236}.Release|Any CPU.Deploy.0 = Release|Any CPU
		{152EA2D3-BE72-4E94-9F16-F2A72EE87236}.Release|iPhone.ActiveCfg = Release|Any CPU
		{152EA2D3-BE72-4E94-9F16-F2A72EE87236}.Release|iPhone.Build.0 = Release|Any CPU
		{152EA2D3-BE72-4E94-9F16-F2A72EE87236}.Release|iPhone.Deploy.0 = Release|Any CPU
		{152EA2D3-BE72-4E94-9F16-F2A72EE87236}.Release|iPhoneSimulator.ActiveCfg = Release|Any CPU
		{152EA2D3-BE72-4E94-9F16-F2A72EE87236}.Release|iPhoneSimulator.Build.0 = Release|Any CPU
		{152EA2D3-BE72-4E94-9F16-F2A72EE87236}.Release|iPhoneSimulator.Deploy.0 = Release|Any CPU
		{E5F2F6F8-4C72-4953-963A-68E820E99779}.Debug|Any CPU.ActiveCfg = Debug|iPhone
		{E5F2F6F8-4C72-4953-963A-68E820E99779}.Debug|Any CPU.Build.0 = Debug|iPhone
		{E5F2F6F8-4C72-4953-963A-68E820E99779}.Debug|Any CPU.Deploy.0 = Debug|iPhone
		{E5F2F6F8-4C72-4953-963A-68E820E99779}.Debug|iPhone.ActiveCfg = Debug|iPhone
		{E5F2F6F8-4C72-4953-963A-68E820E99779}.Debug|iPhone.Build.0 = Debug|iPhone
		{E5F2F6F8-4C72-4953-963A-68E820E99779}.Debug|iPhone.Deploy.0 = Debug|iPhone
		{E5F2F6F8-4C72-4953-963A-68E820E99779}.Debug|iPhoneSimulator.ActiveCfg = Debug|iPhoneSimulator
		{E5F2F6F8-4C72-4953-963A-68E820E99779}.Debug|iPhoneSimulator.Build.0 = Debug|iPhoneSimulator
		{E5F2F6F8-4C72-4953-963A-68E820E99779}.Debug|iPhoneSimulator.Deploy.0 = Debug|iPhoneSimulator
		{E5F2F6F8-4C72-4953-963A-68E820E99779}.Release|Any CPU.ActiveCfg = Release|iPhoneSimulator
		{E5F2F6F8-4C72-4953-963A-68E820E99779}.Release|Any CPU.Build.0 = Release|iPhoneSimulator
		{E5F2F6F8-4C72-4953-963A-68E820E99779}.Release|Any CPU.Deploy.0 = Release|iPhoneSimulator
		{E5F2F6F8-4C72-4953-963A-68E820E99779}.Release|iPhone.ActiveCfg = Release|iPhone
		{E5F2F6F8-4C72-4953-963A-68E820E99779}.Release|iPhone.Build.0 = Release|iPhone
		{E5F2F6F8-4C72-4953-963A-68E820E99779}.Release|iPhone.Deploy.0 = Release|iPhone
		{E5F2F6F8-4C72-4953-963A-68E820E99779}.Release|iPhoneSimulator.ActiveCfg = Release|iPhoneSimulator
		{E5F2F6F8-4C72-4953-963A-68E820E99779}.Release|iPhoneSimulator.Build.0 = Release|iPhoneSimulator
		{E5F2F6F8-4C72-4953-963A-68E820E99779}.Release|iPhoneSimulator.Deploy.0 = Release|iPhoneSimulator
		{AA275C68-9CB3-4ABC-B6A1-B7C0768BE870}.Debug|Any CPU.ActiveCfg = Debug|Any CPU
		{AA275C68-9CB3-4ABC-B6A1-B7C0768BE870}.Debug|Any CPU.Build.0 = Debug|Any CPU
		{AA275C68-9CB3-4ABC-B6A1-B7C0768BE870}.Debug|Any CPU.Deploy.0 = Debug|Any CPU
		{AA275C68-9CB3-4ABC-B6A1-B7C0768BE870}.Debug|iPhone.ActiveCfg = Debug|Any CPU
		{AA275C68-9CB3-4ABC-B6A1-B7C0768BE870}.Debug|iPhone.Build.0 = Debug|Any CPU
		{AA275C68-9CB3-4ABC-B6A1-B7C0768BE870}.Debug|iPhone.Deploy.0 = Debug|Any CPU
		{AA275C68-9CB3-4ABC-B6A1-B7C0768BE870}.Debug|iPhoneSimulator.ActiveCfg = Debug|Any CPU
		{AA275C68-9CB3-4ABC-B6A1-B7C0768BE870}.Debug|iPhoneSimulator.Build.0 = Debug|Any CPU
		{AA275C68-9CB3-4ABC-B6A1-B7C0768BE870}.Debug|iPhoneSimulator.Deploy.0 = Debug|Any CPU
		{AA275C68-9CB3-4ABC-B6A1-B7C0768BE870}.Release|Any CPU.ActiveCfg = Release|Any CPU
		{AA275C68-9CB3-4ABC-B6A1-B7C0768BE870}.Release|Any CPU.Build.0 = Release|Any CPU
		{AA275C68-9CB3-4ABC-B6A1-B7C0768BE870}.Release|Any CPU.Deploy.0 = Release|Any CPU
		{AA275C68-9CB3-4ABC-B6A1-B7C0768BE870}.Release|iPhone.ActiveCfg = Release|Any CPU
		{AA275C68-9CB3-4ABC-B6A1-B7C0768BE870}.Release|iPhone.Build.0 = Release|Any CPU
		{AA275C68-9CB3-4ABC-B6A1-B7C0768BE870}.Release|iPhone.Deploy.0 = Release|Any CPU
		{AA275C68-9CB3-4ABC-B6A1-B7C0768BE870}.Release|iPhoneSimulator.ActiveCfg = Release|Any CPU
		{AA275C68-9CB3-4ABC-B6A1-B7C0768BE870}.Release|iPhoneSimulator.Build.0 = Release|Any CPU
		{AA275C68-9CB3-4ABC-B6A1-B7C0768BE870}.Release|iPhoneSimulator.Deploy.0 = Release|Any CPU
	EndGlobalSection
	GlobalSection(SolutionProperties) = preSolution
		HideSolutionNode = FALSE
	EndGlobalSection
	GlobalSection(ExtensibilityGlobals) = postSolution
		SolutionGuid = {096B40AD-3EDB-4B76-9881-3D5DC1B40B58}
	EndGlobalSection
EndGlobal
